
Microsoft Visual Studio Solution File, Format Version 12.00
# Visual Studio Version 17
VisualStudioVersion = 17.0.32126.317
MinimumVisualStudioVersion = 10.0.40219.1
Project("{FAE04EC0-301F-11D3-BF4B-00C04F79EFBC}") = "CST-150_Activity12.3", "CST-150_Activity12.3\CST-150_Activity12.3.csproj", "{20E43386-0117-4B47-BA0B-F6CF79B2F65F}"
EndProject
Global
	GlobalSection(SolutionConfigurationPlatforms) = preSolution
		Debug|Any CPU = Debug|Any CPU
		Release|Any CPU = Release|Any CPU
	EndGlobalSection
	GlobalSection(ProjectConfigurationPlatforms) = postSolution
		{20E43386-0117-4B47-BA0B-F6CF79B2F65F}.Debug|Any CPU.ActiveCfg = Debug|Any CPU
		{20E43386-0117-4B47-BA0B-F6CF79B2F65F}.Debug|Any CPU.Build.0 = Debug|Any CPU
		{20E43386-0117-4B47-BA0B-F6CF79B2F65F}.Release|Any CPU.ActiveCfg = Release|Any CPU
		{20E43386-0117-4B47-BA0B-F6CF79B2F65F}.Release|Any CPU.Build.0 = Release|Any CPU
	EndGlobalSection
	GlobalSection(SolutionProperties) = preSolution
		HideSolutionNode = FALSE
	EndGlobalSection
	GlobalSection(ExtensibilityGlobals) = postSolution
		SolutionGuid = {1F1B36B6-CDA1-4EA5-A030-A396BE1022E1}
	EndGlobalSection
EndGlobal
